
Microsoft Visual Studio Solution File, Format Version 12.00
# Visual Studio Version 16
VisualStudioVersion = 16.0.28922.388
MinimumVisualStudioVersion = 10.0.40219.1
Project("{FAE04EC0-301F-11D3-BF4B-00C04F79EFBC}") = "CustomerRecordsApp", "CustomerRecordsApp\CustomerRecordsApp.csproj", "{27F7A19C-EF61-4850-A366-38836CDE094A}"
EndProject
Project("{FAE04EC0-301F-11D3-BF4B-00C04F79EFBC}") = "CustomerRecordsApp.Data", "CustomerRecordsApp.Data\CustomerRecordsApp.Data.csproj", "{B66FE3F7-EE2F-437E-A51E-37C981938D74}"
EndProject
Global
	GlobalSection(SolutionConfigurationPlatforms) = preSolution
		Debug|Any CPU = Debug|Any CPU
		Release|Any CPU = Release|Any CPU
	EndGlobalSection
	GlobalSection(ProjectConfigurationPlatforms) = postSolution
		{27F7A19C-EF61-4850-A366-38836CDE094A}.Debug|Any CPU.ActiveCfg = Debug|Any CPU
		{27F7A19C-EF61-4850-A366-38836CDE094A}.Debug|Any CPU.Build.0 = Debug|Any CPU
		{27F7A19C-EF61-4850-A366-38836CDE094A}.Release|Any CPU.ActiveCfg = Release|Any CPU
		{27F7A19C-EF61-4850-A366-38836CDE094A}.Release|Any CPU.Build.0 = Release|Any CPU
		{B66FE3F7-EE2F-437E-A51E-37C981938D74}.Debug|Any CPU.ActiveCfg = Debug|Any CPU
		{B66FE3F7-EE2F-437E-A51E-37C981938D74}.Debug|Any CPU.Build.0 = Debug|Any CPU
		{B66FE3F7-EE2F-437E-A51E-37C981938D74}.Release|Any CPU.ActiveCfg = Release|Any CPU
		{B66FE3F7-EE2F-437E-A51E-37C981938D74}.Release|Any CPU.Build.0 = Release|Any CPU
	EndGlobalSection
	GlobalSection(SolutionProperties) = preSolution
		HideSolutionNode = FALSE
	EndGlobalSection
	GlobalSection(ExtensibilityGlobals) = postSolution
		SolutionGuid = {03A7A715-3028-45C0-9032-2768C8CA5DF7}
	EndGlobalSection
EndGlobal
